
Microsoft Visual Studio Solution File, Format Version 12.00
# Visual Studio 15
VisualStudioVersion = 15.0.27130.2010
MinimumVisualStudioVersion = 10.0.40219.1
Project("{FAE04EC0-301F-11D3-BF4B-00C04F79EFBC}") = "ItsGoStats", "ItsGoStats\ItsGoStats.csproj", "{E0807403-0F7F-4F7D-A606-632F43174F98}"
EndProject
Project("{FAE04EC0-301F-11D3-BF4B-00C04F79EFBC}") = "ItsGoStats.Parsing", "ItsGoStats.Parsing\ItsGoStats.Parsing.csproj", "{94AEEFFA-7A42-4191-A4AB-35F0C1662D61}"
EndProject
Project("{FAE04EC0-301F-11D3-BF4B-00C04F79EFBC}") = "ItsGoStats.Caching", "ItsGoStats.Caching\ItsGoStats.Caching.csproj", "{4E879803-C4BC-4854-8C41-0A5C69920E80}"
EndProject
Project("{2150E333-8FDC-42A3-9474-1A3956D46DE8}") = "Native", "Native", "{2288A22E-37CC-4EE4-BC54-B82BEE2E51C5}"
	ProjectSection(SolutionItems) = preProject
		Native\libSQLite.Interop.so = Native\libSQLite.Interop.so
	EndProjectSection
EndProject
Global
	GlobalSection(SolutionConfigurationPlatforms) = preSolution
		Debug|Any CPU = Debug|Any CPU
		Release|Any CPU = Release|Any CPU
	EndGlobalSection
	GlobalSection(ProjectConfigurationPlatforms) = postSolution
		{E0807403-0F7F-4F7D-A606-632F43174F98}.Debug|Any CPU.ActiveCfg = Debug|Any CPU
		{E0807403-0F7F-4F7D-A606-632F43174F98}.Debug|Any CPU.Build.0 = Debug|Any CPU
		{E0807403-0F7F-4F7D-A606-632F43174F98}.Release|Any CPU.ActiveCfg = Release|Any CPU
		{E0807403-0F7F-4F7D-A606-632F43174F98}.Release|Any CPU.Build.0 = Release|Any CPU
		{94AEEFFA-7A42-4191-A4AB-35F0C1662D61}.Debug|Any CPU.ActiveCfg = Debug|Any CPU
		{94AEEFFA-7A42-4191-A4AB-35F0C1662D61}.Debug|Any CPU.Build.0 = Debug|Any CPU
		{94AEEFFA-7A42-4191-A4AB-35F0C1662D61}.Release|Any CPU.ActiveCfg = Release|Any CPU
		{94AEEFFA-7A42-4191-A4AB-35F0C1662D61}.Release|Any CPU.Build.0 = Release|Any CPU
		{4E879803-C4BC-4854-8C41-0A5C69920E80}.Debug|Any CPU.ActiveCfg = Debug|Any CPU
		{4E879803-C4BC-4854-8C41-0A5C69920E80}.Debug|Any CPU.Build.0 = Debug|Any CPU
		{4E879803-C4BC-4854-8C41-0A5C69920E80}.Release|Any CPU.ActiveCfg = Release|Any CPU
		{4E879803-C4BC-4854-8C41-0A5C69920E80}.Release|Any CPU.Build.0 = Release|Any CPU
	EndGlobalSection
	GlobalSection(SolutionProperties) = preSolution
		HideSolutionNode = FALSE
	EndGlobalSection
	GlobalSection(ExtensibilityGlobals) = postSolution
		SolutionGuid = {C3A12706-BD66-426D-A7AC-EBA92EE0E790}
	EndGlobalSection
	GlobalSection(Performance) = preSolution
		HasPerformanceSessions = true
	EndGlobalSection
	GlobalSection(Performance) = preSolution
		HasPerformanceSessions = true
	EndGlobalSection
EndGlobal
